
Microsoft Visual Studio Solution File, Format Version 12.00
# Visual Studio Version 16
VisualStudioVersion = 16.0.30104.148
MinimumVisualStudioVersion = 10.0.40219.1
Project("{9A19103F-16F7-4668-BE54-9A1E7A4F7556}") = "BankAccount.CoreDomain", "BankAccount.CoreDomain\BankAccount.CoreDomain.csproj", "{5CD6A018-213E-4FD4-AF68-A634B09E2CFF}"
EndProject
Project("{FAE04EC0-301F-11D3-BF4B-00C04F79EFBC}") = "CashMachine", "CashMachine\CashMachine.csproj", "{B66EBDE2-21DA-4965-A879-CD7144281061}"
EndProject
Project("{FAE04EC0-301F-11D3-BF4B-00C04F79EFBC}") = "BankAccount.Management", "BankAccountManagement\BankAccount.Management.csproj", "{0860E795-A4C5-4452-871F-36A76E083BEF}"
EndProject
Project("{FAE04EC0-301F-11D3-BF4B-00C04F79EFBC}") = "BankAccount.CoreDomain.UnitTests", "BankAccount.CoreDomain.UnitTests\BankAccount.CoreDomain.UnitTests.csproj", "{BF8D9AC8-9791-4C6D-86E3-010A6845C7FD}"
EndProject
Project("{9A19103F-16F7-4668-BE54-9A1E7A4F7556}") = "BankAccount.EventStore", "BankAccount.EventStore\BankAccount.EventStore.csproj", "{99D6084B-0224-4913-B693-2E36A39C1F39}"
EndProject
Project("{9A19103F-16F7-4668-BE54-9A1E7A4F7556}") = "BankAccount.Console", "BankAccount.Console\BankAccount.Console.csproj", "{BAB2DE9A-A4A8-4E3B-8A25-1065DB5EB889}"
EndProject
Project("{FAE04EC0-301F-11D3-BF4B-00C04F79EFBC}") = "BankAccount.AllAccountsProjection", "BankAccount.AllAccountsProjection\BankAccount.AllAccountsProjection.csproj", "{320088C8-E866-4AA7-8E7C-34644C21C833}"
EndProject
Global
	GlobalSection(SolutionConfigurationPlatforms) = preSolution
		Debug|Any CPU = Debug|Any CPU
		Release|Any CPU = Release|Any CPU
	EndGlobalSection
	GlobalSection(ProjectConfigurationPlatforms) = postSolution
		{5CD6A018-213E-4FD4-AF68-A634B09E2CFF}.Debug|Any CPU.ActiveCfg = Debug|Any CPU
		{5CD6A018-213E-4FD4-AF68-A634B09E2CFF}.Debug|Any CPU.Build.0 = Debug|Any CPU
		{5CD6A018-213E-4FD4-AF68-A634B09E2CFF}.Release|Any CPU.ActiveCfg = Release|Any CPU
		{5CD6A018-213E-4FD4-AF68-A634B09E2CFF}.Release|Any CPU.Build.0 = Release|Any CPU
		{B66EBDE2-21DA-4965-A879-CD7144281061}.Debug|Any CPU.ActiveCfg = Debug|Any CPU
		{B66EBDE2-21DA-4965-A879-CD7144281061}.Debug|Any CPU.Build.0 = Debug|Any CPU
		{B66EBDE2-21DA-4965-A879-CD7144281061}.Release|Any CPU.ActiveCfg = Release|Any CPU
		{B66EBDE2-21DA-4965-A879-CD7144281061}.Release|Any CPU.Build.0 = Release|Any CPU
		{0860E795-A4C5-4452-871F-36A76E083BEF}.Debug|Any CPU.ActiveCfg = Debug|Any CPU
		{0860E795-A4C5-4452-871F-36A76E083BEF}.Debug|Any CPU.Build.0 = Debug|Any CPU
		{0860E795-A4C5-4452-871F-36A76E083BEF}.Release|Any CPU.ActiveCfg = Release|Any CPU
		{0860E795-A4C5-4452-871F-36A76E083BEF}.Release|Any CPU.Build.0 = Release|Any CPU
		{BF8D9AC8-9791-4C6D-86E3-010A6845C7FD}.Debug|Any CPU.ActiveCfg = Debug|Any CPU
		{BF8D9AC8-9791-4C6D-86E3-010A6845C7FD}.Debug|Any CPU.Build.0 = Debug|Any CPU
		{BF8D9AC8-9791-4C6D-86E3-010A6845C7FD}.Release|Any CPU.ActiveCfg = Release|Any CPU
		{BF8D9AC8-9791-4C6D-86E3-010A6845C7FD}.Release|Any CPU.Build.0 = Release|Any CPU
		{99D6084B-0224-4913-B693-2E36A39C1F39}.Debug|Any CPU.ActiveCfg = Debug|Any CPU
		{99D6084B-0224-4913-B693-2E36A39C1F39}.Debug|Any CPU.Build.0 = Debug|Any CPU
		{99D6084B-0224-4913-B693-2E36A39C1F39}.Release|Any CPU.ActiveCfg = Release|Any CPU
		{99D6084B-0224-4913-B693-2E36A39C1F39}.Release|Any CPU.Build.0 = Release|Any CPU
		{BAB2DE9A-A4A8-4E3B-8A25-1065DB5EB889}.Debug|Any CPU.ActiveCfg = Debug|Any CPU
		{BAB2DE9A-A4A8-4E3B-8A25-1065DB5EB889}.Debug|Any CPU.Build.0 = Debug|Any CPU
		{BAB2DE9A-A4A8-4E3B-8A25-1065DB5EB889}.Release|Any CPU.ActiveCfg = Release|Any CPU
		{BAB2DE9A-A4A8-4E3B-8A25-1065DB5EB889}.Release|Any CPU.Build.0 = Release|Any CPU
		{320088C8-E866-4AA7-8E7C-34644C21C833}.Debug|Any CPU.ActiveCfg = Debug|Any CPU
		{320088C8-E866-4AA7-8E7C-34644C21C833}.Debug|Any CPU.Build.0 = Debug|Any CPU
		{320088C8-E866-4AA7-8E7C-34644C21C833}.Release|Any CPU.ActiveCfg = Release|Any CPU
		{320088C8-E866-4AA7-8E7C-34644C21C833}.Release|Any CPU.Build.0 = Release|Any CPU
	EndGlobalSection
	GlobalSection(SolutionProperties) = preSolution
		HideSolutionNode = FALSE
	EndGlobalSection
	GlobalSection(ExtensibilityGlobals) = postSolution
		SolutionGuid = {220881D5-1F4B-45A6-81DA-AA0842B669D6}
	EndGlobalSection
EndGlobal
